
Microsoft Visual Studio Solution File, Format Version 12.00
# Visual Studio Version 16
VisualStudioVersion = 16.0.31205.134
MinimumVisualStudioVersion = 10.0.40219.1
Project("{9A19103F-16F7-4668-BE54-9A1E7A4F7556}") = "CleanArchMvc.Domain", "src\CleanArchMvc.Domain\CleanArchMvc.Domain.csproj", "{4D287664-F10C-47F0-800C-223F81786831}"
EndProject
Project("{9A19103F-16F7-4668-BE54-9A1E7A4F7556}") = "CleanArchMvc.Application", "src\CleanArchMvc.Application\CleanArchMvc.Application.csproj", "{D901A97F-A89D-4FB2-80D0-809DAF36D400}"
EndProject
Project("{9A19103F-16F7-4668-BE54-9A1E7A4F7556}") = "CleanArchMvc.Infra.Data", "src\CleanArchMvc.Infra.Data\CleanArchMvc.Infra.Data.csproj", "{0609045B-11A9-4939-8A12-B708F347E095}"
EndProject
Project("{9A19103F-16F7-4668-BE54-9A1E7A4F7556}") = "CleanArchMvc.Infra.IoC", "src\CleanArchMvc.Infra.IoC\CleanArchMvc.Infra.IoC.csproj", "{9000C09D-981B-49E7-9C75-A2147CB2BE12}"
EndProject
Project("{9A19103F-16F7-4668-BE54-9A1E7A4F7556}") = "CleanArchMvc.WebUI", "src\CleanArchMvc.WebUI\CleanArchMvc.WebUI.csproj", "{FFC940B3-32BC-4AA2-968C-B155FE037D18}"
EndProject
Project("{FAE04EC0-301F-11D3-BF4B-00C04F79EFBC}") = "CleanArchMvc.Domain.Tests", "src\CleanArchMvc.Domain.Tests\CleanArchMvc.Domain.Tests.csproj", "{AC668D4D-ECD7-42C5-8B44-74E3CA4A769F}"
EndProject
Global
	GlobalSection(SolutionConfigurationPlatforms) = preSolution
		Debug|Any CPU = Debug|Any CPU
		Release|Any CPU = Release|Any CPU
	EndGlobalSection
	GlobalSection(ProjectConfigurationPlatforms) = postSolution
		{4D287664-F10C-47F0-800C-223F81786831}.Debug|Any CPU.ActiveCfg = Debug|Any CPU
		{4D287664-F10C-47F0-800C-223F81786831}.Debug|Any CPU.Build.0 = Debug|Any CPU
		{4D287664-F10C-47F0-800C-223F81786831}.Release|Any CPU.ActiveCfg = Release|Any CPU
		{4D287664-F10C-47F0-800C-223F81786831}.Release|Any CPU.Build.0 = Release|Any CPU
		{D901A97F-A89D-4FB2-80D0-809DAF36D400}.Debug|Any CPU.ActiveCfg = Debug|Any CPU
		{D901A97F-A89D-4FB2-80D0-809DAF36D400}.Debug|Any CPU.Build.0 = Debug|Any CPU
		{D901A97F-A89D-4FB2-80D0-809DAF36D400}.Release|Any CPU.ActiveCfg = Release|Any CPU
		{D901A97F-A89D-4FB2-80D0-809DAF36D400}.Release|Any CPU.Build.0 = Release|Any CPU
		{0609045B-11A9-4939-8A12-B708F347E095}.Debug|Any CPU.ActiveCfg = Debug|Any CPU
		{0609045B-11A9-4939-8A12-B708F347E095}.Debug|Any CPU.Build.0 = Debug|Any CPU
		{0609045B-11A9-4939-8A12-B708F347E095}.Release|Any CPU.ActiveCfg = Release|Any CPU
		{0609045B-11A9-4939-8A12-B708F347E095}.Release|Any CPU.Build.0 = Release|Any CPU
		{9000C09D-981B-49E7-9C75-A2147CB2BE12}.Debug|Any CPU.ActiveCfg = Debug|Any CPU
		{9000C09D-981B-49E7-9C75-A2147CB2BE12}.Debug|Any CPU.Build.0 = Debug|Any CPU
		{9000C09D-981B-49E7-9C75-A2147CB2BE12}.Release|Any CPU.ActiveCfg = Release|Any CPU
		{9000C09D-981B-49E7-9C75-A2147CB2BE12}.Release|Any CPU.Build.0 = Release|Any CPU
		{FFC940B3-32BC-4AA2-968C-B155FE037D18}.Debug|Any CPU.ActiveCfg = Debug|Any CPU
		{FFC940B3-32BC-4AA2-968C-B155FE037D18}.Debug|Any CPU.Build.0 = Debug|Any CPU
		{FFC940B3-32BC-4AA2-968C-B155FE037D18}.Release|Any CPU.ActiveCfg = Release|Any CPU
		{FFC940B3-32BC-4AA2-968C-B155FE037D18}.Release|Any CPU.Build.0 = Release|Any CPU
		{AC668D4D-ECD7-42C5-8B44-74E3CA4A769F}.Debug|Any CPU.ActiveCfg = Debug|Any CPU
		{AC668D4D-ECD7-42C5-8B44-74E3CA4A769F}.Debug|Any CPU.Build.0 = Debug|Any CPU
		{AC668D4D-ECD7-42C5-8B44-74E3CA4A769F}.Release|Any CPU.ActiveCfg = Release|Any CPU
		{AC668D4D-ECD7-42C5-8B44-74E3CA4A769F}.Release|Any CPU.Build.0 = Release|Any CPU
	EndGlobalSection
	GlobalSection(SolutionProperties) = preSolution
		HideSolutionNode = FALSE
	EndGlobalSection
	GlobalSection(ExtensibilityGlobals) = postSolution
		SolutionGuid = {73CE39F5-5049-4536-B233-95D7CEB8FB30}
	EndGlobalSection
EndGlobal
